
Microsoft Visual Studio Solution File, Format Version 12.00
# Visual Studio Version 16
VisualStudioVersion = 16.0.29318.209
MinimumVisualStudioVersion = 10.0.40219.1
Project("{FAE04EC0-301F-11D3-BF4B-00C04F79EFBC}") = "nombredefinitivo", "nombredefinitivo.csproj", "{386E847D-A7BA-47D8-8B63-C0C337A99350}"
EndProject
Global
	GlobalSection(SolutionConfigurationPlatforms) = preSolution
		Debug|Any CPU = Debug|Any CPU
		Release|Any CPU = Release|Any CPU
	EndGlobalSection
	GlobalSection(ProjectConfigurationPlatforms) = postSolution
		{386E847D-A7BA-47D8-8B63-C0C337A99350}.Debug|Any CPU.ActiveCfg = Debug|Any CPU
		{386E847D-A7BA-47D8-8B63-C0C337A99350}.Debug|Any CPU.Build.0 = Debug|Any CPU
		{386E847D-A7BA-47D8-8B63-C0C337A99350}.Release|Any CPU.ActiveCfg = Release|Any CPU
		{386E847D-A7BA-47D8-8B63-C0C337A99350}.Release|Any CPU.Build.0 = Release|Any CPU
	EndGlobalSection
	GlobalSection(SolutionProperties) = preSolution
		HideSolutionNode = FALSE
	EndGlobalSection
	GlobalSection(ExtensibilityGlobals) = postSolution
		SolutionGuid = {61F325EF-4BBF-4861-A890-8201D40767C3}
	EndGlobalSection
EndGlobal
